
Microsoft Visual Studio Solution File, Format Version 12.00
# Visual Studio Version 17
VisualStudioVersion = 17.11.35312.102
MinimumVisualStudioVersion = 10.0.40219.1
Project("{9A19103F-16F7-4668-BE54-9A1E7A4F7556}") = "TonyUI.Core", "TonyUI.Core\TonyUI.Core.csproj", "{57F4722E-2E57-4CCB-A3F7-7D8DC7C59080}"
EndProject
Project("{9A19103F-16F7-4668-BE54-9A1E7A4F7556}") = "TonyUI.Demo", "TonyUI.Demo\TonyUI.Demo.csproj", "{4FC20703-B1A9-4E99-9C40-10E8B3476FCA}"
EndProject
Global
	GlobalSection(SolutionConfigurationPlatforms) = preSolution
		Debug|Any CPU = Debug|Any CPU
		Release|Any CPU = Release|Any CPU
	EndGlobalSection
	GlobalSection(ProjectConfigurationPlatforms) = postSolution
		{57F4722E-2E57-4CCB-A3F7-7D8DC7C59080}.Debug|Any CPU.ActiveCfg = Debug|Any CPU
		{57F4722E-2E57-4CCB-A3F7-7D8DC7C59080}.Debug|Any CPU.Build.0 = Debug|Any CPU
		{57F4722E-2E57-4CCB-A3F7-7D8DC7C59080}.Release|Any CPU.ActiveCfg = Release|Any CPU
		{57F4722E-2E57-4CCB-A3F7-7D8DC7C59080}.Release|Any CPU.Build.0 = Release|Any CPU
		{4FC20703-B1A9-4E99-9C40-10E8B3476FCA}.Debug|Any CPU.ActiveCfg = Debug|Any CPU
		{4FC20703-B1A9-4E99-9C40-10E8B3476FCA}.Debug|Any CPU.Build.0 = Debug|Any CPU
		{4FC20703-B1A9-4E99-9C40-10E8B3476FCA}.Release|Any CPU.ActiveCfg = Release|Any CPU
		{4FC20703-B1A9-4E99-9C40-10E8B3476FCA}.Release|Any CPU.Build.0 = Release|Any CPU
	EndGlobalSection
	GlobalSection(SolutionProperties) = preSolution
		HideSolutionNode = FALSE
	EndGlobalSection
	GlobalSection(ExtensibilityGlobals) = postSolution
		SolutionGuid = {F6BF6E61-9DB0-422B-A54B-A053CEEB2432}
	EndGlobalSection
EndGlobal
